
Microsoft Visual Studio Solution File, Format Version 12.00
# Visual Studio 15
VisualStudioVersion = 15.0.27428.2043
MinimumVisualStudioVersion = 10.0.40219.1
Project("{FAE04EC0-301F-11D3-BF4B-00C04F79EFBC}") = "Time2WorkApp.Android", "Time2WorkApp\Time2WorkApp.Android\Time2WorkApp.Android.csproj", "{A623AF8C-BDB4-4FD8-B5D5-2DE30C1CD07D}"
EndProject
Project("{FAE04EC0-301F-11D3-BF4B-00C04F79EFBC}") = "Time2WorkApp.iOS", "Time2WorkApp\Time2WorkApp.iOS\Time2WorkApp.iOS.csproj", "{5FD2EE23-339E-4BD1-8042-574C107D2973}"
EndProject
Project("{FAE04EC0-301F-11D3-BF4B-00C04F79EFBC}") = "Time2WorkApp.UWP", "Time2WorkApp\Time2WorkApp.UWP\Time2WorkApp.UWP.csproj", "{3111A42E-C8DE-42CF-BD2C-B5AA4E88DBFA}"
EndProject
Project("{9A19103F-16F7-4668-BE54-9A1E7A4F7556}") = "Time2WorkApp", "Time2WorkApp\Time2WorkApp\Time2WorkApp.csproj", "{C03A061F-6D79-4D05-8BF3-B34B41C9CEA0}"
EndProject
Global
	GlobalSection(SolutionConfigurationPlatforms) = preSolution
		Ad-Hoc|Any CPU = Ad-Hoc|Any CPU
		Ad-Hoc|ARM = Ad-Hoc|ARM
		Ad-Hoc|iPhone = Ad-Hoc|iPhone
		Ad-Hoc|iPhoneSimulator = Ad-Hoc|iPhoneSimulator
		Ad-Hoc|x64 = Ad-Hoc|x64
		Ad-Hoc|x86 = Ad-Hoc|x86
		AppStore|Any CPU = AppStore|Any CPU
		AppStore|ARM = AppStore|ARM
		AppStore|iPhone = AppStore|iPhone
		AppStore|iPhoneSimulator = AppStore|iPhoneSimulator
		AppStore|x64 = AppStore|x64
		AppStore|x86 = AppStore|x86
		Debug|Any CPU = Debug|Any CPU
		Debug|ARM = Debug|ARM
		Debug|iPhone = Debug|iPhone
		Debug|iPhoneSimulator = Debug|iPhoneSimulator
		Debug|x64 = Debug|x64
		Debug|x86 = Debug|x86
		Release|Any CPU = Release|Any CPU
		Release|ARM = Release|ARM
		Release|iPhone = Release|iPhone
		Release|iPhoneSimulator = Release|iPhoneSimulator
		Release|x64 = Release|x64
		Release|x86 = Release|x86
	EndGlobalSection
	GlobalSection(ProjectConfigurationPlatforms) = postSolution
		{A623AF8C-BDB4-4FD8-B5D5-2DE30C1CD07D}.Ad-Hoc|Any CPU.ActiveCfg = Release|Any CPU
		{A623AF8C-BDB4-4FD8-B5D5-2DE30C1CD07D}.Ad-Hoc|Any CPU.Build.0 = Release|Any CPU
		{A623AF8C-BDB4-4FD8-B5D5-2DE30C1CD07D}.Ad-Hoc|Any CPU.Deploy.0 = Release|Any CPU
		{A623AF8C-BDB4-4FD8-B5D5-2DE30C1CD07D}.Ad-Hoc|ARM.ActiveCfg = Release|Any CPU
		{A623AF8C-BDB4-4FD8-B5D5-2DE30C1CD07D}.Ad-Hoc|ARM.Build.0 = Release|Any CPU
		{A623AF8C-BDB4-4FD8-B5D5-2DE30C1CD07D}.Ad-Hoc|ARM.Deploy.0 = Release|Any CPU
		{A623AF8C-BDB4-4FD8-B5D5-2DE30C1CD07D}.Ad-Hoc|iPhone.ActiveCfg = Release|Any CPU
		{A623AF8C-BDB4-4FD8-B5D5-2DE30C1CD07D}.Ad-Hoc|iPhone.Build.0 = Release|Any CPU
		{A623AF8C-BDB4-4FD8-B5D5-2DE30C1CD07D}.Ad-Hoc|iPhone.Deploy.0 = Release|Any CPU
		{A623AF8C-BDB4-4FD8-B5D5-2DE30C1CD07D}.Ad-Hoc|iPhoneSimulator.ActiveCfg = Release|Any CPU
		{A623AF8C-BDB4-4FD8-B5D5-2DE30C1CD07D}.Ad-Hoc|iPhoneSimulator.Build.0 = Release|Any CPU
		{A623AF8C-BDB4-4FD8-B5D5-2DE30C1CD07D}.Ad-Hoc|iPhoneSimulator.Deploy.0 = Release|Any CPU
		{A623AF8C-BDB4-4FD8-B5D5-2DE30C1CD07D}.Ad-Hoc|x64.ActiveCfg = Release|Any CPU
		{A623AF8C-BDB4-4FD8-B5D5-2DE30C1CD07D}.Ad-Hoc|x64.Build.0 = Release|Any CPU
		{A623AF8C-BDB4-4FD8-B5D5-2DE30C1CD07D}.Ad-Hoc|x64.Deploy.0 = Release|Any CPU
		{A623AF8C-BDB4-4FD8-B5D5-2DE30C1CD07D}.Ad-Hoc|x86.ActiveCfg = Release|Any CPU
		{A623AF8C-BDB4-4FD8-B5D5-2DE30C1CD07D}.Ad-Hoc|x86.Build.0 = Release|Any CPU
		{A623AF8C-BDB4-4FD8-B5D5-2DE30C1CD07D}.Ad-Hoc|x86.Deploy.0 = Release|Any CPU
		{A623AF8C-BDB4-4FD8-B5D5-2DE30C1CD07D}.AppStore|Any CPU.ActiveCfg = Release|Any CPU
		{A623AF8C-BDB4-4FD8-B5D5-2DE30C1CD07D}.AppStore|Any CPU.Build.0 = Release|Any CPU
		{A623AF8C-BDB4-4FD8-B5D5-2DE30C1CD07D}.AppStore|Any CPU.Deploy.0 = Release|Any CPU
		{A623AF8C-BDB4-4FD8-B5D5-2DE30C1CD07D}.AppStore|ARM.ActiveCfg = Release|Any CPU
		{A623AF8C-BDB4-4FD8-B5D5-2DE30C1CD07D}.AppStore|ARM.Build.0 = Release|Any CPU
		{A623AF8C-BDB4-4FD8-B5D5-2DE30C1CD07D}.AppStore|ARM.Deploy.0 = Release|Any CPU
		{A623AF8C-BDB4-4FD8-B5D5-2DE30C1CD07D}.AppStore|iPhone.ActiveCfg = Release|Any CPU
		{A623AF8C-BDB4-4FD8-B5D5-2DE30C1CD07D}.AppStore|iPhone.Build.0 = Release|Any CPU
		{A623AF8C-BDB4-4FD8-B5D5-2DE30C1CD07D}.AppStore|iPhone.Deploy.0 = Release|Any CPU
		{A623AF8C-BDB4-4FD8-B5D5-2DE30C1CD07D}.AppStore|iPhoneSimulator.ActiveCfg = Release|Any CPU
		{A623AF8C-BDB4-4FD8-B5D5-2DE30C1CD07D}.AppStore|iPhoneSimulator.Build.0 = Release|Any CPU
		{A623AF8C-BDB4-4FD8-B5D5-2DE30C1CD07D}.AppStore|iPhoneSimulator.Deploy.0 = Release|Any CPU
		{A623AF8C-BDB4-4FD8-B5D5-2DE30C1CD07D}.AppStore|x64.ActiveCfg = Release|Any CPU
		{A623AF8C-BDB4-4FD8-B5D5-2DE30C1CD07D}.AppStore|x64.Build.0 = Release|Any CPU
		{A623AF8C-BDB4-4FD8-B5D5-2DE30C1CD07D}.AppStore|x64.Deploy.0 = Release|Any CPU
		{A623AF8C-BDB4-4FD8-B5D5-2DE30C1CD07D}.AppStore|x86.ActiveCfg = Release|Any CPU
		{A623AF8C-BDB4-4FD8-B5D5-2DE30C1CD07D}.AppStore|x86.Build.0 = Release|Any CPU
		{A623AF8C-BDB4-4FD8-B5D5-2DE30C1CD07D}.AppStore|x86.Deploy.0 = Release|Any CPU
		{A623AF8C-BDB4-4FD8-B5D5-2DE30C1CD07D}.Debug|Any CPU.ActiveCfg = Debug|Any CPU
		{A623AF8C-BDB4-4FD8-B5D5-2DE30C1CD07D}.Debug|Any CPU.Build.0 = Debug|Any CPU
		{A623AF8C-BDB4-4FD8-B5D5-2DE30C1CD07D}.Debug|Any CPU.Deploy.0 = Debug|Any CPU
		{A623AF8C-BDB4-4FD8-B5D5-2DE30C1CD07D}.Debug|ARM.ActiveCfg = Debug|Any CPU
		{A623AF8C-BDB4-4FD8-B5D5-2DE30C1CD07D}.Debug|ARM.Build.0 = Debug|Any CPU
		{A623AF8C-BDB4-4FD8-B5D5-2DE30C1CD07D}.Debug|ARM.Deploy.0 = Debug|Any CPU
		{A623AF8C-BDB4-4FD8-B5D5-2DE30C1CD07D}.Debug|iPhone.ActiveCfg = Debug|Any CPU
		{A623AF8C-BDB4-4FD8-B5D5-2DE30C1CD07D}.Debug|iPhone.Build.0 = Debug|Any CPU
		{A623AF8C-BDB4-4FD8-B5D5-2DE30C1CD07D}.Debug|iPhone.Deploy.0 = Debug|Any CPU
		{A623AF8C-BDB4-4FD8-B5D5-2DE30C1CD07D}.Debug|iPhoneSimulator.ActiveCfg = Debug|Any CPU
		{A623AF8C-BDB4-4FD8-B5D5-2DE30C1CD07D}.Debug|iPhoneSimulator.Build.0 = Debug|Any CPU
		{A623AF8C-BDB4-4FD8-B5D5-2DE30C1CD07D}.Debug|iPhoneSimulator.Deploy.0 = Debug|Any CPU
		{A623AF8C-BDB4-4FD8-B5D5-2DE30C1CD07D}.Debug|x64.ActiveCfg = Debug|Any CPU
		{A623AF8C-BDB4-4FD8-B5D5-2DE30C1CD07D}.Debug|x64.Build.0 = Debug|Any CPU
		{A623AF8C-BDB4-4FD8-B5D5-2DE30C1CD07D}.Debug|x64.Deploy.0 = Debug|Any CPU
		{A623AF8C-BDB4-4FD8-B5D5-2DE30C1CD07D}.Debug|x86.ActiveCfg = Debug|Any CPU
		{A623AF8C-BDB4-4FD8-B5D5-2DE30C1CD07D}.Debug|x86.Build.0 = Debug|Any CPU
		{A623AF8C-BDB4-4FD8-B5D5-2DE30C1CD07D}.Debug|x86.Deploy.0 = Debug|Any CPU
		{A623AF8C-BDB4-4FD8-B5D5-2DE30C1CD07D}.Release|Any CPU.ActiveCfg = Release|Any CPU
		{A623AF8C-BDB4-4FD8-B5D5-2DE30C1CD07D}.Release|Any CPU.Build.0 = Release|Any CPU
		{A623AF8C-BDB4-4FD8-B5D5-2DE30C1CD07D}.Release|Any CPU.Deploy.0 = Release|Any CPU
		{A623AF8C-BDB4-4FD8-B5D5-2DE30C1CD07D}.Release|ARM.ActiveCfg = Release|Any CPU
		{A623AF8C-BDB4-4FD8-B5D5-2DE30C1CD07D}.Release|ARM.Build.0 = Release|Any CPU
		{A623AF8C-BDB4-4FD8-B5D5-2DE30C1CD07D}.Release|ARM.Deploy.0 = Release|Any CPU
		{A623AF8C-BDB4-4FD8-B5D5-2DE30C1CD07D}.Release|iPhone.ActiveCfg = Release|Any CPU
		{A623AF8C-BDB4-4FD8-B5D5-2DE30C1CD07D}.Release|iPhone.Build.0 = Release|Any CPU
		{A623AF8C-BDB4-4FD8-B5D5-2DE30C1CD07D}.Release|iPhone.Deploy.0 = Release|Any CPU
		{A623AF8C-BDB4-4FD8-B5D5-2DE30C1CD07D}.Release|iPhoneSimulator.ActiveCfg = Release|Any CPU
		{A623AF8C-BDB4-4FD8-B5D5-2DE30C1CD07D}.Release|iPhoneSimulator.Build.0 = Release|Any CPU
		{A623AF8C-BDB4-4FD8-B5D5-2DE30C1CD07D}.Release|iPhoneSimulator.Deploy.0 = Release|Any CPU
		{A623AF8C-BDB4-4FD8-B5D5-2DE30C1CD07D}.Release|x64.ActiveCfg = Release|Any CPU
		{A623AF8C-BDB4-4FD8-B5D5-2DE30C1CD07D}.Release|x64.Build.0 = Release|Any CPU
		{A623AF8C-BDB4-4FD8-B5D5-2DE30C1CD07D}.Release|x64.Deploy.0 = Release|Any CPU
		{A623AF8C-BDB4-4FD8-B5D5-2DE30C1CD07D}.Release|x86.ActiveCfg = Release|Any CPU
		{A623AF8C-BDB4-4FD8-B5D5-2DE30C1CD07D}.Release|x86.Build.0 = Release|Any CPU
		{A623AF8C-BDB4-4FD8-B5D5-2DE30C1CD07D}.Release|x86.Deploy.0 = Release|Any CPU
		{5FD2EE23-339E-4BD1-8042-574C107D2973}.Ad-Hoc|Any CPU.ActiveCfg = Ad-Hoc|iPhone
		{5FD2EE23-339E-4BD1-8042-574C107D2973}.Ad-Hoc|ARM.ActiveCfg = Ad-Hoc|iPhone
		{5FD2EE23-339E-4BD1-8042-574C107D2973}.Ad-Hoc|iPhone.ActiveCfg = Ad-Hoc|iPhone
		{5FD2EE23-339E-4BD1-8042-574C107D2973}.Ad-Hoc|iPhone.Build.0 = Ad-Hoc|iPhone
		{5FD2EE23-339E-4BD1-8042-574C107D2973}.Ad-Hoc|iPhoneSimulator.ActiveCfg = Ad-Hoc|iPhoneSimulator
		{5FD2EE23-339E-4BD1-8042-574C107D2973}.Ad-Hoc|iPhoneSimulator.Build.0 = Ad-Hoc|iPhoneSimulator
		{5FD2EE23-339E-4BD1-8042-574C107D2973}.Ad-Hoc|x64.ActiveCfg = Ad-Hoc|iPhone
		{5FD2EE23-339E-4BD1-8042-574C107D2973}.Ad-Hoc|x86.ActiveCfg = Ad-Hoc|iPhone
		{5FD2EE23-339E-4BD1-8042-574C107D2973}.AppStore|Any CPU.ActiveCfg = AppStore|iPhone
		{5FD2EE23-339E-4BD1-8042-574C107D2973}.AppStore|ARM.ActiveCfg = AppStore|iPhone
		{5FD2EE23-339E-4BD1-8042-574C107D2973}.AppStore|iPhone.ActiveCfg = AppStore|iPhone
		{5FD2EE23-339E-4BD1-8042-574C107D2973}.AppStore|iPhone.Build.0 = AppStore|iPhone
		{5FD2EE23-339E-4BD1-8042-574C107D2973}.AppStore|iPhoneSimulator.ActiveCfg = AppStore|iPhoneSimulator
		{5FD2EE23-339E-4BD1-8042-574C107D2973}.AppStore|iPhoneSimulator.Build.0 = AppStore|iPhoneSimulator
		{5FD2EE23-339E-4BD1-8042-574C107D2973}.AppStore|x64.ActiveCfg = AppStore|iPhone
		{5FD2EE23-339E-4BD1-8042-574C107D2973}.AppStore|x86.ActiveCfg = AppStore|iPhone
		{5FD2EE23-339E-4BD1-8042-574C107D2973}.Debug|Any CPU.ActiveCfg = Debug|iPhone
		{5FD2EE23-339E-4BD1-8042-574C107D2973}.Debug|ARM.ActiveCfg = Debug|iPhone
		{5FD2EE23-339E-4BD1-8042-574C107D2973}.Debug|iPhone.ActiveCfg = Debug|iPhone
		{5FD2EE23-339E-4BD1-8042-574C107D2973}.Debug|iPhone.Build.0 = Debug|iPhone
		{5FD2EE23-339E-4BD1-8042-574C107D2973}.Debug|iPhoneSimulator.ActiveCfg = Debug|iPhoneSimulator
		{5FD2EE23-339E-4BD1-8042-574C107D2973}.Debug|iPhoneSimulator.Build.0 = Debug|iPhoneSimulator
		{5FD2EE23-339E-4BD1-8042-574C107D2973}.Debug|x64.ActiveCfg = Debug|iPhone
		{5FD2EE23-339E-4BD1-8042-574C107D2973}.Debug|x86.ActiveCfg = Debug|iPhone
		{5FD2EE23-339E-4BD1-8042-574C107D2973}.Release|Any CPU.ActiveCfg = Release|iPhone
		{5FD2EE23-339E-4BD1-8042-574C107D2973}.Release|ARM.ActiveCfg = Release|iPhone
		{5FD2EE23-339E-4BD1-8042-574C107D2973}.Release|iPhone.ActiveCfg = Release|iPhone
		{5FD2EE23-339E-4BD1-8042-574C107D2973}.Release|iPhone.Build.0 = Release|iPhone
		{5FD2EE23-339E-4BD1-8042-574C107D2973}.Release|iPhoneSimulator.ActiveCfg = Release|iPhoneSimulator
		{5FD2EE23-339E-4BD1-8042-574C107D2973}.Release|iPhoneSimulator.Build.0 = Release|iPhoneSimulator
		{5FD2EE23-339E-4BD1-8042-574C107D2973}.Release|x64.ActiveCfg = Release|iPhone
		{5FD2EE23-339E-4BD1-8042-574C107D2973}.Release|x86.ActiveCfg = Release|iPhone
		{3111A42E-C8DE-42CF-BD2C-B5AA4E88DBFA}.Ad-Hoc|Any CPU.ActiveCfg = Release|x86
		{3111A42E-C8DE-42CF-BD2C-B5AA4E88DBFA}.Ad-Hoc|Any CPU.Build.0 = Release|x86
		{3111A42E-C8DE-42CF-BD2C-B5AA4E88DBFA}.Ad-Hoc|Any CPU.Deploy.0 = Release|x86
		{3111A42E-C8DE-42CF-BD2C-B5AA4E88DBFA}.Ad-Hoc|ARM.ActiveCfg = Release|ARM
		{3111A42E-C8DE-42CF-BD2C-B5AA4E88DBFA}.Ad-Hoc|ARM.Build.0 = Release|ARM
		{3111A42E-C8DE-42CF-BD2C-B5AA4E88DBFA}.Ad-Hoc|ARM.Deploy.0 = Release|ARM
		{3111A42E-C8DE-42CF-BD2C-B5AA4E88DBFA}.Ad-Hoc|iPhone.ActiveCfg = Release|x86
		{3111A42E-C8DE-42CF-BD2C-B5AA4E88DBFA}.Ad-Hoc|iPhone.Build.0 = Release|x86
		{3111A42E-C8DE-42CF-BD2C-B5AA4E88DBFA}.Ad-Hoc|iPhone.Deploy.0 = Release|x86
		{3111A42E-C8DE-42CF-BD2C-B5AA4E88DBFA}.Ad-Hoc|iPhoneSimulator.ActiveCfg = Release|x86
		{3111A42E-C8DE-42CF-BD2C-B5AA4E88DBFA}.Ad-Hoc|iPhoneSimulator.Build.0 = Release|x86
		{3111A42E-C8DE-42CF-BD2C-B5AA4E88DBFA}.Ad-Hoc|iPhoneSimulator.Deploy.0 = Release|x86
		{3111A42E-C8DE-42CF-BD2C-B5AA4E88DBFA}.Ad-Hoc|x64.ActiveCfg = Release|x64
		{3111A42E-C8DE-42CF-BD2C-B5AA4E88DBFA}.Ad-Hoc|x64.Build.0 = Release|x64
		{3111A42E-C8DE-42CF-BD2C-B5AA4E88DBFA}.Ad-Hoc|x64.Deploy.0 = Release|x64
		{3111A42E-C8DE-42CF-BD2C-B5AA4E88DBFA}.Ad-Hoc|x86.ActiveCfg = Release|x86
		{3111A42E-C8DE-42CF-BD2C-B5AA4E88DBFA}.Ad-Hoc|x86.Build.0 = Release|x86
		{3111A42E-C8DE-42CF-BD2C-B5AA4E88DBFA}.Ad-Hoc|x86.Deploy.0 = Release|x86
		{3111A42E-C8DE-42CF-BD2C-B5AA4E88DBFA}.AppStore|Any CPU.ActiveCfg = Release|x86
		{3111A42E-C8DE-42CF-BD2C-B5AA4E88DBFA}.AppStore|Any CPU.Build.0 = Release|x86
		{3111A42E-C8DE-42CF-BD2C-B5AA4E88DBFA}.AppStore|Any CPU.Deploy.0 = Release|x86
		{3111A42E-C8DE-42CF-BD2C-B5AA4E88DBFA}.AppStore|ARM.ActiveCfg = Release|ARM
		{3111A42E-C8DE-42CF-BD2C-B5AA4E88DBFA}.AppStore|ARM.Build.0 = Release|ARM
		{3111A42E-C8DE-42CF-BD2C-B5AA4E88DBFA}.AppStore|ARM.Deploy.0 = Release|ARM
		{3111A42E-C8DE-42CF-BD2C-B5AA4E88DBFA}.AppStore|iPhone.ActiveCfg = Release|x86
		{3111A42E-C8DE-42CF-BD2C-B5AA4E88DBFA}.AppStore|iPhone.Build.0 = Release|x86
		{3111A42E-C8DE-42CF-BD2C-B5AA4E88DBFA}.AppStore|iPhone.Deploy.0 = Release|x86
		{3111A42E-C8DE-42CF-BD2C-B5AA4E88DBFA}.AppStore|iPhoneSimulator.ActiveCfg = Release|x86
		{3111A42E-C8DE-42CF-BD2C-B5AA4E88DBFA}.AppStore|iPhoneSimulator.Build.0 = Release|x86
		{3111A42E-C8DE-42CF-BD2C-B5AA4E88DBFA}.AppStore|iPhoneSimulator.Deploy.0 = Release|x86
		{3111A42E-C8DE-42CF-BD2C-B5AA4E88DBFA}.AppStore|x64.ActiveCfg = Release|x64
		{3111A42E-C8DE-42CF-BD2C-B5AA4E88DBFA}.AppStore|x64.Build.0 = Release|x64
		{3111A42E-C8DE-42CF-BD2C-B5AA4E88DBFA}.AppStore|x64.Deploy.0 = Release|x64
		{3111A42E-C8DE-42CF-BD2C-B5AA4E88DBFA}.AppStore|x86.ActiveCfg = Release|x86
		{3111A42E-C8DE-42CF-BD2C-B5AA4E88DBFA}.AppStore|x86.Build.0 = Release|x86
		{3111A42E-C8DE-42CF-BD2C-B5AA4E88DBFA}.AppStore|x86.Deploy.0 = Release|x86
		{3111A42E-C8DE-42CF-BD2C-B5AA4E88DBFA}.Debug|Any CPU.ActiveCfg = Debug|x86
		{3111A42E-C8DE-42CF-BD2C-B5AA4E88DBFA}.Debug|ARM.ActiveCfg = Debug|ARM
		{3111A42E-C8DE-42CF-BD2C-B5AA4E88DBFA}.Debug|ARM.Build.0 = Debug|ARM
		{3111A42E-C8DE-42CF-BD2C-B5AA4E88DBFA}.Debug|ARM.Deploy.0 = Debug|ARM
		{3111A42E-C8DE-42CF-BD2C-B5AA4E88DBFA}.Debug|iPhone.ActiveCfg = Debug|x86
		{3111A42E-C8DE-42CF-BD2C-B5AA4E88DBFA}.Debug|iPhoneSimulator.ActiveCfg = Debug|x86
		{3111A42E-C8DE-42CF-BD2C-B5AA4E88DBFA}.Debug|x64.ActiveCfg = Debug|x64
		{3111A42E-C8DE-42CF-BD2C-B5AA4E88DBFA}.Debug|x64.Build.0 = Debug|x64
		{3111A42E-C8DE-42CF-BD2C-B5AA4E88DBFA}.Debug|x64.Deploy.0 = Debug|x64
		{3111A42E-C8DE-42CF-BD2C-B5AA4E88DBFA}.Debug|x86.ActiveCfg = Debug|x86
		{3111A42E-C8DE-42CF-BD2C-B5AA4E88DBFA}.Debug|x86.Build.0 = Debug|x86
		{3111A42E-C8DE-42CF-BD2C-B5AA4E88DBFA}.Debug|x86.Deploy.0 = Debug|x86
		{3111A42E-C8DE-42CF-BD2C-B5AA4E88DBFA}.Release|Any CPU.ActiveCfg = Release|x86
		{3111A42E-C8DE-42CF-BD2C-B5AA4E88DBFA}.Release|ARM.ActiveCfg = Release|ARM
		{3111A42E-C8DE-42CF-BD2C-B5AA4E88DBFA}.Release|ARM.Build.0 = Release|ARM
		{3111A42E-C8DE-42CF-BD2C-B5AA4E88DBFA}.Release|ARM.Deploy.0 = Release|ARM
		{3111A42E-C8DE-42CF-BD2C-B5AA4E88DBFA}.Release|iPhone.ActiveCfg = Release|x86
		{3111A42E-C8DE-42CF-BD2C-B5AA4E88DBFA}.Release|iPhoneSimulator.ActiveCfg = Release|x86
		{3111A42E-C8DE-42CF-BD2C-B5AA4E88DBFA}.Release|x64.ActiveCfg = Release|x64
		{3111A42E-C8DE-42CF-BD2C-B5AA4E88DBFA}.Release|x64.Build.0 = Release|x64
		{3111A42E-C8DE-42CF-BD2C-B5AA4E88DBFA}.Release|x64.Deploy.0 = Release|x64
		{3111A42E-C8DE-42CF-BD2C-B5AA4E88DBFA}.Release|x86.ActiveCfg = Release|x86
		{3111A42E-C8DE-42CF-BD2C-B5AA4E88DBFA}.Release|x86.Build.0 = Release|x86
		{3111A42E-C8DE-42CF-BD2C-B5AA4E88DBFA}.Release|x86.Deploy.0 = Release|x86
		{C03A061F-6D79-4D05-8BF3-B34B41C9CEA0}.Ad-Hoc|Any CPU.ActiveCfg = Debug|Any CPU
		{C03A061F-6D79-4D05-8BF3-B34B41C9CEA0}.Ad-Hoc|Any CPU.Build.0 = Debug|Any CPU
		{C03A061F-6D79-4D05-8BF3-B34B41C9CEA0}.Ad-Hoc|ARM.ActiveCfg = Debug|Any CPU
		{C03A061F-6D79-4D05-8BF3-B34B41C9CEA0}.Ad-Hoc|ARM.Build.0 = Debug|Any CPU
		{C03A061F-6D79-4D05-8BF3-B34B41C9CEA0}.Ad-Hoc|iPhone.ActiveCfg = Debug|Any CPU
		{C03A061F-6D79-4D05-8BF3-B34B41C9CEA0}.Ad-Hoc|iPhone.Build.0 = Debug|Any CPU
		{C03A061F-6D79-4D05-8BF3-B34B41C9CEA0}.Ad-Hoc|iPhoneSimulator.ActiveCfg = Debug|Any CPU
		{C03A061F-6D79-4D05-8BF3-B34B41C9CEA0}.Ad-Hoc|iPhoneSimulator.Build.0 = Debug|Any CPU
		{C03A061F-6D79-4D05-8BF3-B34B41C9CEA0}.Ad-Hoc|x64.ActiveCfg = Debug|Any CPU
		{C03A061F-6D79-4D05-8BF3-B34B41C9CEA0}.Ad-Hoc|x64.Build.0 = Debug|Any CPU
		{C03A061F-6D79-4D05-8BF3-B34B41C9CEA0}.Ad-Hoc|x86.ActiveCfg = Debug|Any CPU
		{C03A061F-6D79-4D05-8BF3-B34B41C9CEA0}.Ad-Hoc|x86.Build.0 = Debug|Any CPU
		{C03A061F-6D79-4D05-8BF3-B34B41C9CEA0}.AppStore|Any CPU.ActiveCfg = Debug|Any CPU
		{C03A061F-6D79-4D05-8BF3-B34B41C9CEA0}.AppStore|Any CPU.Build.0 = Debug|Any CPU
		{C03A061F-6D79-4D05-8BF3-B34B41C9CEA0}.AppStore|ARM.ActiveCfg = Debug|Any CPU
		{C03A061F-6D79-4D05-8BF3-B34B41C9CEA0}.AppStore|ARM.Build.0 = Debug|Any CPU
		{C03A061F-6D79-4D05-8BF3-B34B41C9CEA0}.AppStore|iPhone.ActiveCfg = Debug|Any CPU
		{C03A061F-6D79-4D05-8BF3-B34B41C9CEA0}.AppStore|iPhone.Build.0 = Debug|Any CPU
		{C03A061F-6D79-4D05-8BF3-B34B41C9CEA0}.AppStore|iPhoneSimulator.ActiveCfg = Debug|Any CPU
		{C03A061F-6D79-4D05-8BF3-B34B41C9CEA0}.AppStore|iPhoneSimulator.Build.0 = Debug|Any CPU
		{C03A061F-6D79-4D05-8BF3-B34B41C9CEA0}.AppStore|x64.ActiveCfg = Debug|Any CPU
		{C03A061F-6D79-4D05-8BF3-B34B41C9CEA0}.AppStore|x64.Build.0 = Debug|Any CPU
		{C03A061F-6D79-4D05-8BF3-B34B41C9CEA0}.AppStore|x86.ActiveCfg = Debug|Any CPU
		{C03A061F-6D79-4D05-8BF3-B34B41C9CEA0}.AppStore|x86.Build.0 = Debug|Any CPU
		{C03A061F-6D79-4D05-8BF3-B34B41C9CEA0}.Debug|Any CPU.ActiveCfg = Debug|Any CPU
		{C03A061F-6D79-4D05-8BF3-B34B41C9CEA0}.Debug|Any CPU.Build.0 = Debug|Any CPU
		{C03A061F-6D79-4D05-8BF3-B34B41C9CEA0}.Debug|ARM.ActiveCfg = Debug|Any CPU
		{C03A061F-6D79-4D05-8BF3-B34B41C9CEA0}.Debug|ARM.Build.0 = Debug|Any CPU
		{C03A061F-6D79-4D05-8BF3-B34B41C9CEA0}.Debug|iPhone.ActiveCfg = Debug|Any CPU
		{C03A061F-6D79-4D05-8BF3-B34B41C9CEA0}.Debug|iPhone.Build.0 = Debug|Any CPU
		{C03A061F-6D79-4D05-8BF3-B34B41C9CEA0}.Debug|iPhoneSimulator.ActiveCfg = Debug|Any CPU
		{C03A061F-6D79-4D05-8BF3-B34B41C9CEA0}.Debug|iPhoneSimulator.Build.0 = Debug|Any CPU
		{C03A061F-6D79-4D05-8BF3-B34B41C9CEA0}.Debug|x64.ActiveCfg = Debug|Any CPU
		{C03A061F-6D79-4D05-8BF3-B34B41C9CEA0}.Debug|x64.Build.0 = Debug|Any CPU
		{C03A061F-6D79-4D05-8BF3-B34B41C9CEA0}.Debug|x86.ActiveCfg = Debug|Any CPU
		{C03A061F-6D79-4D05-8BF3-B34B41C9CEA0}.Debug|x86.Build.0 = Debug|Any CPU
		{C03A061F-6D79-4D05-8BF3-B34B41C9CEA0}.Release|Any CPU.ActiveCfg = Release|Any CPU
		{C03A061F-6D79-4D05-8BF3-B34B41C9CEA0}.Release|Any CPU.Build.0 = Release|Any CPU
		{C03A061F-6D79-4D05-8BF3-B34B41C9CEA0}.Release|ARM.ActiveCfg = Release|Any CPU
		{C03A061F-6D79-4D05-8BF3-B34B41C9CEA0}.Release|ARM.Build.0 = Release|Any CPU
		{C03A061F-6D79-4D05-8BF3-B34B41C9CEA0}.Release|iPhone.ActiveCfg = Release|Any CPU
		{C03A061F-6D79-4D05-8BF3-B34B41C9CEA0}.Release|iPhone.Build.0 = Release|Any CPU
		{C03A061F-6D79-4D05-8BF3-B34B41C9CEA0}.Release|iPhoneSimulator.ActiveCfg = Release|Any CPU
		{C03A061F-6D79-4D05-8BF3-B34B41C9CEA0}.Release|iPhoneSimulator.Build.0 = Release|Any CPU
		{C03A061F-6D79-4D05-8BF3-B34B41C9CEA0}.Release|x64.ActiveCfg = Release|Any CPU
		{C03A061F-6D79-4D05-8BF3-B34B41C9CEA0}.Release|x64.Build.0 = Release|Any CPU
		{C03A061F-6D79-4D05-8BF3-B34B41C9CEA0}.Release|x86.ActiveCfg = Release|Any CPU
		{C03A061F-6D79-4D05-8BF3-B34B41C9CEA0}.Release|x86.Build.0 = Release|Any CPU
	EndGlobalSection
	GlobalSection(SolutionProperties) = preSolution
		HideSolutionNode = FALSE
	EndGlobalSection
	GlobalSection(ExtensibilityGlobals) = postSolution
		SolutionGuid = {36051D56-D292-4222-B303-B3690F6BA055}
	EndGlobalSection
EndGlobal
